
Microsoft Visual Studio Solution File, Format Version 12.00
# Visual Studio 15
VisualStudioVersion = 15.0.28307.852
MinimumVisualStudioVersion = 10.0.40219.1
Project("{FAE04EC0-301F-11D3-BF4B-00C04F79EFBC}") = "ERP.Jobs.Deployment", "ERP.Jobs.Deployment\ERP.Jobs.Deployment.csproj", "{7BB3A745-B4FD-4561-856A-A0DB77DC0234}"
EndProject
Global
	GlobalSection(SolutionConfigurationPlatforms) = preSolution
		Debug|Any CPU = Debug|Any CPU
		Release|Any CPU = Release|Any CPU
	EndGlobalSection
	GlobalSection(ProjectConfigurationPlatforms) = postSolution
		{7BB3A745-B4FD-4561-856A-A0DB77DC0234}.Debug|Any CPU.ActiveCfg = Debug|Any CPU
		{7BB3A745-B4FD-4561-856A-A0DB77DC0234}.Debug|Any CPU.Build.0 = Debug|Any CPU
		{7BB3A745-B4FD-4561-856A-A0DB77DC0234}.Release|Any CPU.ActiveCfg = Release|Any CPU
		{7BB3A745-B4FD-4561-856A-A0DB77DC0234}.Release|Any CPU.Build.0 = Release|Any CPU
	EndGlobalSection
	GlobalSection(SolutionProperties) = preSolution
		HideSolutionNode = FALSE
	EndGlobalSection
	GlobalSection(ExtensibilityGlobals) = postSolution
		SolutionGuid = {FE2B80F3-5437-4901-8E3D-D87B21611066}
	EndGlobalSection
EndGlobal
